
Microsoft Visual Studio Solution File, Format Version 12.00
# Visual Studio Version 17
VisualStudioVersion = 17.5.33627.172
MinimumVisualStudioVersion = 10.0.40219.1
Project("{9A19103F-16F7-4668-BE54-9A1E7A4F7556}") = "FluxoCaixa", "FluxoCaixa\FluxoCaixa.csproj", "{97E4A09A-9114-4C1B-98B9-C898A80AE308}"
EndProject
Project("{9A19103F-16F7-4668-BE54-9A1E7A4F7556}") = "Relatorio", "Relatorio\Relatorio.csproj", "{F1707F11-AE72-486A-BCCC-CC3DC477D605}"
EndProject
Global
	GlobalSection(SolutionConfigurationPlatforms) = preSolution
		Debug|Any CPU = Debug|Any CPU
		Release|Any CPU = Release|Any CPU
	EndGlobalSection
	GlobalSection(ProjectConfigurationPlatforms) = postSolution
		{97E4A09A-9114-4C1B-98B9-C898A80AE308}.Debug|Any CPU.ActiveCfg = Debug|Any CPU
		{97E4A09A-9114-4C1B-98B9-C898A80AE308}.Debug|Any CPU.Build.0 = Debug|Any CPU
		{97E4A09A-9114-4C1B-98B9-C898A80AE308}.Release|Any CPU.ActiveCfg = Release|Any CPU
		{97E4A09A-9114-4C1B-98B9-C898A80AE308}.Release|Any CPU.Build.0 = Release|Any CPU
		{F1707F11-AE72-486A-BCCC-CC3DC477D605}.Debug|Any CPU.ActiveCfg = Debug|Any CPU
		{F1707F11-AE72-486A-BCCC-CC3DC477D605}.Debug|Any CPU.Build.0 = Debug|Any CPU
		{F1707F11-AE72-486A-BCCC-CC3DC477D605}.Release|Any CPU.ActiveCfg = Release|Any CPU
		{F1707F11-AE72-486A-BCCC-CC3DC477D605}.Release|Any CPU.Build.0 = Release|Any CPU
	EndGlobalSection
	GlobalSection(SolutionProperties) = preSolution
		HideSolutionNode = FALSE
	EndGlobalSection
	GlobalSection(ExtensibilityGlobals) = postSolution
		SolutionGuid = {92BDACC1-7C49-4D6F-B3B5-0191CEAB0020}
	EndGlobalSection
EndGlobal
