
Microsoft Visual Studio Solution File, Format Version 12.00
# Visual Studio Version 17
VisualStudioVersion = 17.5.33627.172
MinimumVisualStudioVersion = 10.0.40219.1
Project("{9A19103F-16F7-4668-BE54-9A1E7A4F7556}") = "FluxoCaixa", "FluxoCaixa\FluxoCaixa.csproj", "{97E4A09A-9114-4C1B-98B9-C898A80AE308}"
EndProject
Project("{9A19103F-16F7-4668-BE54-9A1E7A4F7556}") = "Worker", "Worker\Worker.csproj", "{0425A6AB-EC7D-4881-B699-173EF56BCC5F}"
EndProject
Project("{9A19103F-16F7-4668-BE54-9A1E7A4F7556}") = "Relatorio", "Relatorio\Relatorio.csproj", "{A6DDAEBD-599F-4F24-B1C9-083D32FC1D0F}"
EndProject
Project("{9A19103F-16F7-4668-BE54-9A1E7A4F7556}") = "Repository", "Repository\Repository.csproj", "{68CD3686-CA99-4240-B1BD-85BB91DFAE23}"
EndProject
Project("{9A19103F-16F7-4668-BE54-9A1E7A4F7556}") = "TestesUnitarios", "TestesUnitarios\TestesUnitarios.csproj", "{6CF4E5B9-2DA5-4B24-BECE-4BB5DE7C52F1}"
EndProject
Project("{9A19103F-16F7-4668-BE54-9A1E7A4F7556}") = "Infraestrutura", "Infraestrutura\Infraestrutura.csproj", "{CD834630-C669-4A16-8326-60F25A8D98CD}"
EndProject
Project("{FAE04EC0-301F-11D3-BF4B-00C04F79EFBC}") = "MessageBroker", "MessageBroker\MessageBroker.csproj", "{7D762705-5004-417D-ACAF-70F561FBE391}"
EndProject
Global
	GlobalSection(SolutionConfigurationPlatforms) = preSolution
		Debug|Any CPU = Debug|Any CPU
		Release|Any CPU = Release|Any CPU
	EndGlobalSection
	GlobalSection(ProjectConfigurationPlatforms) = postSolution
		{97E4A09A-9114-4C1B-98B9-C898A80AE308}.Debug|Any CPU.ActiveCfg = Debug|Any CPU
		{97E4A09A-9114-4C1B-98B9-C898A80AE308}.Debug|Any CPU.Build.0 = Debug|Any CPU
		{97E4A09A-9114-4C1B-98B9-C898A80AE308}.Release|Any CPU.ActiveCfg = Release|Any CPU
		{97E4A09A-9114-4C1B-98B9-C898A80AE308}.Release|Any CPU.Build.0 = Release|Any CPU
		{0425A6AB-EC7D-4881-B699-173EF56BCC5F}.Debug|Any CPU.ActiveCfg = Debug|Any CPU
		{0425A6AB-EC7D-4881-B699-173EF56BCC5F}.Debug|Any CPU.Build.0 = Debug|Any CPU
		{0425A6AB-EC7D-4881-B699-173EF56BCC5F}.Release|Any CPU.ActiveCfg = Release|Any CPU
		{0425A6AB-EC7D-4881-B699-173EF56BCC5F}.Release|Any CPU.Build.0 = Release|Any CPU
		{A6DDAEBD-599F-4F24-B1C9-083D32FC1D0F}.Debug|Any CPU.ActiveCfg = Debug|Any CPU
		{A6DDAEBD-599F-4F24-B1C9-083D32FC1D0F}.Debug|Any CPU.Build.0 = Debug|Any CPU
		{A6DDAEBD-599F-4F24-B1C9-083D32FC1D0F}.Release|Any CPU.ActiveCfg = Release|Any CPU
		{A6DDAEBD-599F-4F24-B1C9-083D32FC1D0F}.Release|Any CPU.Build.0 = Release|Any CPU
		{68CD3686-CA99-4240-B1BD-85BB91DFAE23}.Debug|Any CPU.ActiveCfg = Debug|Any CPU
		{68CD3686-CA99-4240-B1BD-85BB91DFAE23}.Debug|Any CPU.Build.0 = Debug|Any CPU
		{68CD3686-CA99-4240-B1BD-85BB91DFAE23}.Release|Any CPU.ActiveCfg = Release|Any CPU
		{68CD3686-CA99-4240-B1BD-85BB91DFAE23}.Release|Any CPU.Build.0 = Release|Any CPU
		{6CF4E5B9-2DA5-4B24-BECE-4BB5DE7C52F1}.Debug|Any CPU.ActiveCfg = Debug|Any CPU
		{6CF4E5B9-2DA5-4B24-BECE-4BB5DE7C52F1}.Debug|Any CPU.Build.0 = Debug|Any CPU
		{6CF4E5B9-2DA5-4B24-BECE-4BB5DE7C52F1}.Release|Any CPU.ActiveCfg = Release|Any CPU
		{6CF4E5B9-2DA5-4B24-BECE-4BB5DE7C52F1}.Release|Any CPU.Build.0 = Release|Any CPU
		{CD834630-C669-4A16-8326-60F25A8D98CD}.Debug|Any CPU.ActiveCfg = Debug|Any CPU
		{CD834630-C669-4A16-8326-60F25A8D98CD}.Debug|Any CPU.Build.0 = Debug|Any CPU
		{CD834630-C669-4A16-8326-60F25A8D98CD}.Release|Any CPU.ActiveCfg = Release|Any CPU
		{CD834630-C669-4A16-8326-60F25A8D98CD}.Release|Any CPU.Build.0 = Release|Any CPU
		{7D762705-5004-417D-ACAF-70F561FBE391}.Debug|Any CPU.ActiveCfg = Debug|Any CPU
		{7D762705-5004-417D-ACAF-70F561FBE391}.Debug|Any CPU.Build.0 = Debug|Any CPU
		{7D762705-5004-417D-ACAF-70F561FBE391}.Release|Any CPU.ActiveCfg = Release|Any CPU
		{7D762705-5004-417D-ACAF-70F561FBE391}.Release|Any CPU.Build.0 = Release|Any CPU
	EndGlobalSection
	GlobalSection(SolutionProperties) = preSolution
		HideSolutionNode = FALSE
	EndGlobalSection
	GlobalSection(ExtensibilityGlobals) = postSolution
		SolutionGuid = {92BDACC1-7C49-4D6F-B3B5-0191CEAB0020}
	EndGlobalSection
EndGlobal
